
Microsoft Visual Studio Solution File, Format Version 12.00
# Visual Studio 2013
VisualStudioVersion = 12.0.21005.1
MinimumVisualStudioVersion = 10.0.40219.1
Project("{2150E333-8FDC-42A3-9474-1A3956D46DE8}") = "Solution Items", "Solution Items", "{20857950-A908-4534-A430-70361098BEC7}"
	ProjectSection(SolutionItems) = preProject
		..\..\Videos\AchitectureInPracticeM01_high.mp4 = ..\..\Videos\AchitectureInPracticeM01_high.mp4
		back.png = back.png
		button_blue_pause.png = button_blue_pause.png
		button_blue_play.png = button_blue_play.png
		Canvas_Example.html = Canvas_Example.html
		chrome.png = chrome.png
		CSS_Example_Positioning.html = CSS_Example_Positioning.html
		dna.jpg = dna.jpg
		Example_Video.html = Example_Video.html
		firefox.png = firefox.png
		IE.png = IE.png
		orange.jpg = orange.jpg
		right.png = right.png
		Sound_Example.html = Sound_Example.html
		SVG_Example.html = SVG_Example.html
	EndProjectSection
EndProject
Project("{2150E333-8FDC-42A3-9474-1A3956D46DE8}") = "Objective_1", "Objective_1", "{4E2354AA-6057-466C-96D9-6BE95057048F}"
	ProjectSection(SolutionItems) = preProject
		Apply_Styles.html = Apply_Styles.html
		article_tag.html = article_tag.html
		aside_tag.html = aside_tag.html
		basic.css = basic.css
		Basic_Structure.html = Basic_Structure.html
		Complete_Example.html = Complete_Example.html
		figcaption_tag.html = figcaption_tag.html
		Figure_Example.html = Figure_Example.html
		figure_tag.html = figure_tag.html
		footer_tag.html = footer_tag.html
		header_tag.html = header_tag.html
		HTML5_API.html = HTML5_API.html
		HTMLPage1.html = HTMLPage1.html
		mark_tag.html = mark_tag.html
		nav_tag.html = nav_tag.html
		Object_Methods.html = Object_Methods.html
		progress_tag.html = progress_tag.html
		ProgressBar.html = ProgressBar.html
		Scope_Variables.html = Scope_Variables.html
		section_tag.html = section_tag.html
		Semantic_Meaning.html = Semantic_Meaning.html
		style.css = style.css
	EndProjectSection
EndProject
Project("{2150E333-8FDC-42A3-9474-1A3956D46DE8}") = "CSS", "CSS", "{1BEC9CE3-7A31-48E4-8319-522165872CCF}"
EndProject
Project("{2150E333-8FDC-42A3-9474-1A3956D46DE8}") = "HTML", "HTML", "{0ED862C4-0A7D-4093-A579-ABB6C50D8568}"
	ProjectSection(SolutionItems) = preProject
		HomePage.html = HomePage.html
	EndProjectSection
EndProject
Project("{2150E333-8FDC-42A3-9474-1A3956D46DE8}") = "Objective_1", "Objective_1", "{12D2B6DA-1B4B-4CB4-9FED-61F28751640B}"
	ProjectSection(SolutionItems) = preProject
		basic.css = basic.css
	EndProjectSection
EndProject
Project("{2150E333-8FDC-42A3-9474-1A3956D46DE8}") = "Objective_2", "Objective_2", "{9F43AA66-C070-417F-B88E-18D1FEFC013A}"
	ProjectSection(SolutionItems) = preProject
		Code_Interaction_UI.html = Code_Interaction_UI.html
		getElementByClassName.html = getElementByClassName.html
		getElementById.html = getElementById.html
		getElementsByTagName.html = getElementsByTagName.html
		Manipulate_HTML.html = Manipulate_HTML.html
		querySelector.html = querySelector.html
		querySelectorAll.html = querySelectorAll.html
	EndProjectSection
EndProject
Project("{2150E333-8FDC-42A3-9474-1A3956D46DE8}") = "ExternalLibs", "ExternalLibs", "{0A04A971-A2E9-4F0E-ADD5-BFA460E60708}"
	ProjectSection(SolutionItems) = preProject
		jquery-1.11.3.js = jquery-1.11.3.js
	EndProjectSection
EndProject
Project("{2150E333-8FDC-42A3-9474-1A3956D46DE8}") = "Objective_3", "Objective_3", "{660E9629-B9FF-423C-9349-65FAFE88F2BE}"
	ProjectSection(SolutionItems) = preProject
		ApplyingTransform.html = ApplyingTransform.html
		ChangeLocation.html = ChangeLocation.html
	EndProjectSection
EndProject
Global
	GlobalSection(SolutionProperties) = preSolution
		HideSolutionNode = FALSE
	EndGlobalSection
	GlobalSection(NestedProjects) = preSolution
		{0ED862C4-0A7D-4093-A579-ABB6C50D8568} = {20857950-A908-4534-A430-70361098BEC7}
		{1BEC9CE3-7A31-48E4-8319-522165872CCF} = {20857950-A908-4534-A430-70361098BEC7}
		{0A04A971-A2E9-4F0E-ADD5-BFA460E60708} = {20857950-A908-4534-A430-70361098BEC7}
		{4E2354AA-6057-466C-96D9-6BE95057048F} = {0ED862C4-0A7D-4093-A579-ABB6C50D8568}
		{9F43AA66-C070-417F-B88E-18D1FEFC013A} = {0ED862C4-0A7D-4093-A579-ABB6C50D8568}
		{660E9629-B9FF-423C-9349-65FAFE88F2BE} = {0ED862C4-0A7D-4093-A579-ABB6C50D8568}
		{12D2B6DA-1B4B-4CB4-9FED-61F28751640B} = {1BEC9CE3-7A31-48E4-8319-522165872CCF}
	EndGlobalSection
EndGlobal
